{
    "_readme": [
        "This file locks the dependencies of your project to a known state",
        "Read more about it at https://getcomposer.org/doc/01-basic-usage.md#installing-dependencies",
        "This file is @generated automatically"
    ],
    "content-hash": "9b8292e860df3120f063250fe479e5b3",
    "packages": [
        {
            "name": "ismail0234/trendyol-php-api",
            "version": "v1.0.6",
            "source": {
                "type": "git",
                "url": "https://github.com/ismail0234/trendyol-php-api.git",
                "reference": "008bdd581fd26dfa251af235cc3d320f84f60458"
            },
            "dist": {
                "type": "zip",
                "url": "https://api.github.com/repos/ismail0234/trendyol-php-api/zipball/008bdd581fd26dfa251af235cc3d320f84f60458",
                "reference": "008bdd581fd26dfa251af235cc3d320f84f60458",
                "shasum": ""
            },
            "type": "library",
            "autoload": {
                "psr-4": {
                    "IS\\PazarYeri\\Trendyol\\": "IS/PazarYeri/Trendyol"
                }
            },
            "notification-url": "https://packagist.org/downloads/",
            "license": [
                "MIT"
            ],
            "authors": [
                {
                    "name": "İsmail Satilmiş",
                    "email": "ismaiil_0234@hotmail.com"
                }
            ],
            "description": "Trendyol PHP API",
            "keywords": [
                "PHP API",
                "eticaret",
                "pazaryeri",
                "trendyol",
                "trendyol php api"
            ],
            "funding": [
                {
                    "url": "https://www.patreon.com/botbenson",
                    "type": "patreon"
                }
            ],
            "time": "2020-05-27T15:07:49+00:00"
        }
    ],
    "packages-dev": [],
    "aliases": [],
    "minimum-stability": "stable",
    "stability-flags": [],
    "prefer-stable": false,
    "prefer-lowest": false,
    "platform": [],
    "platform-dev": [],
    "plugin-api-version": "1.1.0"
}
